lockfileVersion: '9.0'

settings:
  autoInstallPeers: true
  excludeLinksFromLockfile: false

importers:

  .:
    dependencies:
      tree-sitter-wasms:
        specifier: ^0.1.13
        version: 0.1.13
      web-tree-sitter:
        specifier: ^0.24.7
        version: 0.24.7

packages:

  tree-sitter-wasms@0.1.13:
    resolution: {integrity: sha512-wT+cR6DwaIz80/vho3AvSF0N4txuNx/5bcRKoXouOfClpxh/qqrF4URNLQXbbt8MaAxeksZcZd1j8gcGjc+QxQ==}

  web-tree-sitter@0.24.7:
    resolution: {integrity: sha512-CdC/TqVFbXqR+C51v38hv6wOPatKEUGxa39scAeFSm98wIhZxAYonhRQPSMmfZ2w7JDI0zQDdzdmgtNk06/krQ==}

snapshots:

  tree-sitter-wasms@0.1.13: {}

  web-tree-sitter@0.24.7: {}
